
Microsoft Visual Studio Solution File, Format Version 12.00
# Visual Studio 15
VisualStudioVersion = 15.0.26430.13
MinimumVisualStudioVersion = 10.0.40219.1
Project("{FAE04EC0-301F-11D3-BF4B-00C04F79EFBC}") = "AsyncAwait", "AsyncAwait\AsyncAwait.csproj", "{5FF17BB5-344C-4E26-A8B2-70F9079309BE}"
EndProject
Project("{FAE04EC0-301F-11D3-BF4B-00C04F79EFBC}") = "AsyncAwaitData", "AsyncAwaitData\AsyncAwaitData.csproj", "{7BB6AACF-273E-4D0B-8EBC-E9646949839E}"
EndProject
Project("{FAE04EC0-301F-11D3-BF4B-00C04F79EFBC}") = "AsyncAwait.Tests", "AsyncAwait.Tests\AsyncAwait.Tests.csproj", "{A4CC14A1-907D-472C-A219-D6C85595928A}"
EndProject
Global
	GlobalSection(SolutionConfigurationPlatforms) = preSolution
		Debug|Any CPU = Debug|Any CPU
		Release|Any CPU = Release|Any CPU
	EndGlobalSection
	GlobalSection(ProjectConfigurationPlatforms) = postSolution
		{5FF17BB5-344C-4E26-A8B2-70F9079309BE}.Debug|Any CPU.ActiveCfg = Debug|Any CPU
		{5FF17BB5-344C-4E26-A8B2-70F9079309BE}.Debug|Any CPU.Build.0 = Debug|Any CPU
		{5FF17BB5-344C-4E26-A8B2-70F9079309BE}.Release|Any CPU.ActiveCfg = Release|Any CPU
		{5FF17BB5-344C-4E26-A8B2-70F9079309BE}.Release|Any CPU.Build.0 = Release|Any CPU
		{7BB6AACF-273E-4D0B-8EBC-E9646949839E}.Debug|Any CPU.ActiveCfg = Debug|Any CPU
		{7BB6AACF-273E-4D0B-8EBC-E9646949839E}.Debug|Any CPU.Build.0 = Debug|Any CPU
		{7BB6AACF-273E-4D0B-8EBC-E9646949839E}.Release|Any CPU.ActiveCfg = Release|Any CPU
		{7BB6AACF-273E-4D0B-8EBC-E9646949839E}.Release|Any CPU.Build.0 = Release|Any CPU
		{A4CC14A1-907D-472C-A219-D6C85595928A}.Debug|Any CPU.ActiveCfg = Debug|Any CPU
		{A4CC14A1-907D-472C-A219-D6C85595928A}.Debug|Any CPU.Build.0 = Debug|Any CPU
		{A4CC14A1-907D-472C-A219-D6C85595928A}.Release|Any CPU.ActiveCfg = Release|Any CPU
		{A4CC14A1-907D-472C-A219-D6C85595928A}.Release|Any CPU.Build.0 = Release|Any CPU
	EndGlobalSection
	GlobalSection(SolutionProperties) = preSolution
		HideSolutionNode = FALSE
	EndGlobalSection
EndGlobal
